// !$*UTF8*$!
{
	archiveVersion = 1;
	classes = {
	};
	objectVersion = 77;
	objects = {

/* Begin PBXGroup section */
		71A90E5B2CB95B7A00F3EF7C = {
			isa = PBXGroup;
			children = (
			);
			sourceTree = "<group>";
		};
/* End PBXGroup section */

/* Begin PBXProject section */
		71A90E5C2CB95B7A00F3EF7C /* Project object */ = {
			isa = PBXProject;
			attributes = {
				BuildIndependentTargetsInParallel = 1;
				LastUpgradeCheck = 1600;
			};
			buildConfigurationList = 71A90E5F2CB95B7A00F3EF7C /* Build configuration list for PBXProject "web2.html" */;
			developmentRegion = en;
			hasScannedForEncodings = 0;
			knownRegions = (
				en,
				Base,
			);
			mainGroup = 71A90E5B2CB95B7A00F3EF7C;
			minimizedProjectReferenceProxies = 1;
			preferredProjectObjectVersion = 77;
			projectDirPath = "";
			projectRoot = "";
			targets = (
			);
		};
/* End PBXProject section */

/* Begin XCBuildConfiguration section */
		71A90E602CB95B7A00F3EF7C /* Debug */ = {
			isa = XCBuildConfiguration;
			buildSettings = {
			};
			name = Debug;
		};
		71A90E612CB95B7A00F3EF7C /* Release */ = {
			isa = XCBuildConfiguration;
			buildSettings = {
			};
			name = Release;
		};
/* End XCBuildConfiguration section */

/* Begin XCConfigurationList section */
		71A90E5F2CB95B7A00F3EF7C /* Build configuration list for PBXProject "web2.html" */ = {
			isa = XCConfigurationList;
			buildConfigurations = (
				71A90E602CB95B7A00F3EF7C /* Debug */,
				71A90E612CB95B7A00F3EF7C /* Release */,
			);
			defaultConfigurationIsVisible = 0;
			defaultConfigurationName = Release;
		};
/* End XCConfigurationList section */
	};
	rootObject = 71A90E5C2CB95B7A00F3EF7C /* Project object */;
}
